// !$*UTF8*$!
{
	archiveVersion = 1;
	classes = {
	};
	objectVersion = 56;
	objects = {

/* Begin PBXBuildFile section */
		620803D82B56CC1500E8DFFE /* Todo_ListApp.swift in Sources */ = {isa = PBXBuildFile; fileRef = 620803D72B56CC1500E8DFFE /* Todo_ListApp.swift */; };
		620803DA2B56CC1500E8DFFE /* ContentView.swift in Sources */ = {isa = PBXBuildFile; fileRef = 620803D92B56CC1500E8DFFE /* ContentView.swift */; };
		620803DC2B56CC1600E8DFFE /* Assets.xcassets in Resources */ = {isa = PBXBuildFile; fileRef = 620803DB2B56CC1600E8DFFE /* Assets.xcassets */; };
		620803E02B56CC1600E8DFFE /* Preview Assets.xcassets in Resources */ = {isa = PBXBuildFile; fileRef = 620803DF2B56CC1600E8DFFE /* Preview Assets.xcassets */; };
		620803EA2B56CC1600E8DFFE /* Todo_ListTests.swift in Sources */ = {isa = PBXBuildFile; fileRef = 620803E92B56CC1600E8DFFE /* Todo_ListTests.swift */; };
		620803F42B56CC1600E8DFFE /* Todo_ListUITests.swift in Sources */ = {isa = PBXBuildFile; fileRef = 620803F32B56CC1600E8DFFE /* Todo_ListUITests.swift */; };
		620803F62B56CC1600E8DFFE /* Todo_ListUITestsLaunchTests.swift in Sources */ = {isa = PBXBuildFile; fileRef = 620803F52B56CC1600E8DFFE /* Todo_ListUITestsLaunchTests.swift */; };
		621913A62B5821A300665B98 /* Details.swift in Sources */ = {isa = PBXBuildFile; fileRef = 621913A52B5821A300665B98 /* Details.swift */; };
		6268F2272B56FA4A00CCD26F /* Todo.swift in Sources */ = {isa = PBXBuildFile; fileRef = 6268F2262B56FA4A00CCD26F /* Todo.swift */; };
/* End PBXBuildFile section */

/* Begin PBXContainerItemProxy section */
		620803E62B56CC1600E8DFFE /* PBXContainerItemProxy */ = {
			isa = PBXContainerItemProxy;
			containerPortal = 620803CC2B56CC1500E8DFFE /* Project object */;
			proxyType = 1;
			remoteGlobalIDString = 620803D32B56CC1500E8DFFE;
			remoteInfo = "Todo List";
		};
		620803F02B56CC1600E8DFFE /* PBXContainerItemProxy */ = {
			isa = PBXContainerItemProxy;
			containerPortal = 620803CC2B56CC1500E8DFFE /* Project object */;
			proxyType = 1;
			remoteGlobalIDString = 620803D32B56CC1500E8DFFE;
			remoteInfo = "Todo List";
		};
/* End PBXContainerItemProxy section */

/* Begin PBXFileReference section */
		620803D42B56CC1500E8DFFE /* Todo List.app */ = {isa = PBXFileReference; explicitFileType = wrapper.application; includeInIndex = 0; path = "Todo List.app"; sourceTree = BUILT_PRODUCTS_DIR; };
		620803D72B56CC1500E8DFFE /* Todo_ListApp.swift */ = {isa = PBXFileReference; lastKnownFileType = sourcecode.swift; path = Todo_ListApp.swift; sourceTree = "<group>"; };
		620803D92B56CC1500E8DFFE /* ContentView.swift */ = {isa = PBXFileReference; lastKnownFileType = sourcecode.swift; path = ContentView.swift; sourceTree = "<group>"; };
		620803DB2B56CC1600E8DFFE /* Assets.xcassets */ = {isa = PBXFileReference; lastKnownFileType = folder.assetcatalog; path = Assets.xcassets; sourceTree = "<group>"; };
		620803DD2B56CC1600E8DFFE /* Todo_List.entitlements */ = {isa = PBXFileReference; lastKnownFileType = text.plist.entitlements; path = Todo_List.entitlements; sourceTree = "<group>"; };
		620803DF2B56CC1600E8DFFE /* Preview Assets.xcassets */ = {isa = PBXFileReference; lastKnownFileType = folder.assetcatalog; path = "Preview Assets.xcassets"; sourceTree = "<group>"; };
		620803E52B56CC1600E8DFFE /* Todo ListTests.xctest */ = {isa = PBXFileReference; explicitFileType = wrapper.cfbundle; includeInIndex = 0; path = "Todo ListTests.xctest"; sourceTree = BUILT_PRODUCTS_DIR; };
		620803E92B56CC1600E8DFFE /* Todo_ListTests.swift */ = {isa = PBXFileReference; lastKnownFileType = sourcecode.swift; path = Todo_ListTests.swift; sourceTree = "<group>"; };
		620803EF2B56CC1600E8DFFE /* Todo ListUITests.xctest */ = {isa = PBXFileReference; explicitFileType = wrapper.cfbundle; includeInIndex = 0; path = "Todo ListUITests.xctest"; sourceTree = BUILT_PRODUCTS_DIR; };
		620803F32B56CC1600E8DFFE /* Todo_ListUITests.swift */ = {isa = PBXFileReference; lastKnownFileType = sourcecode.swift; path = Todo_ListUITests.swift; sourceTree = "<group>"; };
		620803F52B56CC1600E8DFFE /* Todo_ListUITestsLaunchTests.swift */ = {isa = PBXFileReference; lastKnownFileType = sourcecode.swift; path = Todo_ListUITestsLaunchTests.swift; sourceTree = "<group>"; };
		621913A52B5821A300665B98 /* Details.swift */ = {isa = PBXFileReference; lastKnownFileType = sourcecode.swift; path = Details.swift; sourceTree = "<group>"; };
		6268F2262B56FA4A00CCD26F /* Todo.swift */ = {isa = PBXFileReference; lastKnownFileType = sourcecode.swift; path = Todo.swift; sourceTree = "<group>"; };
/* End PBXFileReference section */

/* Begin PBXFrameworksBuildPhase section */
		620803D12B56CC1500E8DFFE /* Frameworks */ = {
			isa = PBXFrameworksBuildPhase;
			buildActionMask = 2147483647;
			files = (
			);
			runOnlyForDeploymentPostprocessing = 0;
		};
		620803E22B56CC1600E8DFFE /* Frameworks */ = {
			isa = PBXFrameworksBuildPhase;
			buildActionMask = 2147483647;
			files = (
			);
			runOnlyForDeploymentPostprocessing = 0;
		};
		620803EC2B56CC1600E8DFFE /* Frameworks */ = {
			isa = PBXFrameworksBuildPhase;
			buildActionMask = 2147483647;
			files = (
			);
			runOnlyForDeploymentPostprocessing = 0;
		};
/* End PBXFrameworksBuildPhase section */

/* Begin PBXGroup section */
		620803CB2B56CC1500E8DFFE = {
			isa = PBXGroup;
			children = (
				620803D62B56CC1500E8DFFE /* Todo List */,
				620803E82B56CC1600E8DFFE /* Todo ListTests */,
				620803F22B56CC1600E8DFFE /* Todo ListUITests */,
				620803D52B56CC1500E8DFFE /* Products */,
			);
			sourceTree = "<group>";
		};
		620803D52B56CC1500E8DFFE /* Products */ = {
			isa = PBXGroup;
			children = (
				620803D42B56CC1500E8DFFE /* Todo List.app */,
				620803E52B56CC1600E8DFFE /* Todo ListTests.xctest */,
				620803EF2B56CC1600E8DFFE /* Todo ListUITests.xctest */,
			);
			name = Products;
			sourceTree = "<group>";
		};
		620803D62B56CC1500E8DFFE /* Todo List */ = {
			isa = PBXGroup;
			children = (
				6268F2252B56FA2100CCD26F /* Data */,
				620803D72B56CC1500E8DFFE /* Todo_ListApp.swift */,
				620803D92B56CC1500E8DFFE /* ContentView.swift */,
				620803DB2B56CC1600E8DFFE /* Assets.xcassets */,
				620803DD2B56CC1600E8DFFE /* Todo_List.entitlements */,
				620803DE2B56CC1600E8DFFE /* Preview Content */,
				621913A52B5821A300665B98 /* Details.swift */,
			);
			path = "Todo List";
			sourceTree = "<group>";
		};
		620803DE2B56CC1600E8DFFE /* Preview Content */ = {
			isa = PBXGroup;
			children = (
				620803DF2B56CC1600E8DFFE /* Preview Assets.xcassets */,
			);
			path = "Preview Content";
			sourceTree = "<group>";
		};
		620803E82B56CC1600E8DFFE /* Todo ListTests */ = {
			isa = PBXGroup;
			children = (
				620803E92B56CC1600E8DFFE /* Todo_ListTests.swift */,
			);
			path = "Todo ListTests";
			sourceTree = "<group>";
		};
		620803F22B56CC1600E8DFFE /* Todo ListUITests */ = {
			isa = PBXGroup;
			children = (
				620803F32B56CC1600E8DFFE /* Todo_ListUITests.swift */,
				620803F52B56CC1600E8DFFE /* Todo_ListUITestsLaunchTests.swift */,
			);
			path = "Todo ListUITests";
			sourceTree = "<group>";
		};
		6268F2252B56FA2100CCD26F /* Data */ = {
			isa = PBXGroup;
			children = (
				6268F2262B56FA4A00CCD26F /* Todo.swift */,
			);
			path = Data;
			sourceTree = "<group>";
		};
/* End PBXGroup section */

/* Begin PBXNativeTarget section */
		620803D32B56CC1500E8DFFE /* Todo List */ = {
			isa = PBXNativeTarget;
			buildConfigurationList = 620803F92B56CC1600E8DFFE /* Build configuration list for PBXNativeTarget "Todo List" */;
			buildPhases = (
				620803D02B56CC1500E8DFFE /* Sources */,
				620803D12B56CC1500E8DFFE /* Frameworks */,
				620803D22B56CC1500E8DFFE /* Resources */,
			);
			buildRules = (
			);
			dependencies = (
			);
			name = "Todo List";
			productName = "Todo List";
			productReference = 620803D42B56CC1500E8DFFE /* Todo List.app */;
			productType = "com.apple.product-type.application";
		};
		620803E42B56CC1600E8DFFE /* Todo ListTests */ = {
			isa = PBXNativeTarget;
			buildConfigurationList = 620803FC2B56CC1600E8DFFE /* Build configuration list for PBXNativeTarget "Todo ListTests" */;
			buildPhases = (
				620803E12B56CC1600E8DFFE /* Sources */,
				620803E22B56CC1600E8DFFE /* Frameworks */,
				620803E32B56CC1600E8DFFE /* Resources */,
			);
			buildRules = (
			);
			dependencies = (
				620803E72B56CC1600E8DFFE /* PBXTargetDependency */,
			);
			name = "Todo ListTests";
			productName = "Todo ListTests";
			productReference = 620803E52B56CC1600E8DFFE /* Todo ListTests.xctest */;
			productType = "com.apple.product-type.bundle.unit-test";
		};
		620803EE2B56CC1600E8DFFE /* Todo ListUITests */ = {
			isa = PBXNativeTarget;
			buildConfigurationList = 620803FF2B56CC1600E8DFFE /* Build configuration list for PBXNativeTarget "Todo ListUITests" */;
			buildPhases = (
				620803EB2B56CC1600E8DFFE /* Sources */,
				620803EC2B56CC1600E8DFFE /* Frameworks */,
				620803ED2B56CC1600E8DFFE /* Resources */,
			);
			buildRules = (
			);
			dependencies = (
				620803F12B56CC1600E8DFFE /* PBXTargetDependency */,
			);
			name = "Todo ListUITests";
			productName = "Todo ListUITests";
			productReference = 620803EF2B56CC1600E8DFFE /* Todo ListUITests.xctest */;
			productType = "com.apple.product-type.bundle.ui-testing";
		};
/* End PBXNativeTarget section */

/* Begin PBXProject section */
		620803CC2B56CC1500E8DFFE /* Project object */ = {
			isa = PBXProject;
			attributes = {
				BuildIndependentTargetsInParallel = 1;
				LastSwiftUpdateCheck = 1520;
				LastUpgradeCheck = 1520;
				TargetAttributes = {
					620803D32B56CC1500E8DFFE = {
						CreatedOnToolsVersion = 15.2;
					};
					620803E42B56CC1600E8DFFE = {
						CreatedOnToolsVersion = 15.2;
						TestTargetID = 620803D32B56CC1500E8DFFE;
					};
					620803EE2B56CC1600E8DFFE = {
						CreatedOnToolsVersion = 15.2;
						TestTargetID = 620803D32B56CC1500E8DFFE;
					};
				};
			};
			buildConfigurationList = 620803CF2B56CC1500E8DFFE /* Build configuration list for PBXProject "Todo List" */;
			compatibilityVersion = "Xcode 14.0";
			developmentRegion = en;
			hasScannedForEncodings = 0;
			knownRegions = (
				en,
				Base,
			);
			mainGroup = 620803CB2B56CC1500E8DFFE;
			productRefGroup = 620803D52B56CC1500E8DFFE /* Products */;
			projectDirPath = "";
			projectRoot = "";
			targets = (
				620803D32B56CC1500E8DFFE /* Todo List */,
				620803E42B56CC1600E8DFFE /* Todo ListTests */,
				620803EE2B56CC1600E8DFFE /* Todo ListUITests */,
			);
		};
/* End PBXProject section */

/* Begin PBXResourcesBuildPhase section */
		620803D22B56CC1500E8DFFE /* Resources */ = {
			isa = PBXResourcesBuildPhase;
			buildActionMask = 2147483647;
			files = (
				620803E02B56CC1600E8DFFE /* Preview Assets.xcassets in Resources */,
				620803DC2B56CC1600E8DFFE /* Assets.xcassets in Resources */,
			);
			runOnlyForDeploymentPostprocessing = 0;
		};
		620803E32B56CC1600E8DFFE /* Resources */ = {
			isa = PBXResourcesBuildPhase;
			buildActionMask = 2147483647;
			files = (
			);
			runOnlyForDeploymentPostprocessing = 0;
		};
		620803ED2B56CC1600E8DFFE /* Resources */ = {
			isa = PBXResourcesBuildPhase;
			buildActionMask = 2147483647;
			files = (
			);
			runOnlyForDeploymentPostprocessing = 0;
		};
/* End PBXResourcesBuildPhase section */

/* Begin PBXSourcesBuildPhase section */
		620803D02B56CC1500E8DFFE /* Sources */ = {
			isa = PBXSourcesBuildPhase;
			buildActionMask = 2147483647;
			files = (
				620803DA2B56CC1500E8DFFE /* ContentView.swift in Sources */,
				6268F2272B56FA4A00CCD26F /* Todo.swift in Sources */,
				621913A62B5821A300665B98 /* Details.swift in Sources */,
				620803D82B56CC1500E8DFFE /* Todo_ListApp.swift in Sources */,
			);
			runOnlyForDeploymentPostprocessing = 0;
		};
		620803E12B56CC1600E8DFFE /* Sources */ = {
			isa = PBXSourcesBuildPhase;
			buildActionMask = 2147483647;
			files = (
				620803EA2B56CC1600E8DFFE /* Todo_ListTests.swift in Sources */,
			);
			runOnlyForDeploymentPostprocessing = 0;
		};
		620803EB2B56CC1600E8DFFE /* Sources */ = {
			isa = PBXSourcesBuildPhase;
			buildActionMask = 2147483647;
			files = (
				620803F62B56CC1600E8DFFE /* Todo_ListUITestsLaunchTests.swift in Sources */,
				620803F42B56CC1600E8DFFE /* Todo_ListUITests.swift in Sources */,
			);
			runOnlyForDeploymentPostprocessing = 0;
		};
/* End PBXSourcesBuildPhase section */

/* Begin PBXTargetDependency section */
		620803E72B56CC1600E8DFFE /* PBXTargetDependency */ = {
			isa = PBXTargetDependency;
			target = 620803D32B56CC1500E8DFFE /* Todo List */;
			targetProxy = 620803E62B56CC1600E8DFFE /* PBXContainerItemProxy */;
		};
		620803F12B56CC1600E8DFFE /* PBXTargetDependency */ = {
			isa = PBXTargetDependency;
			target = 620803D32B56CC1500E8DFFE /* Todo List */;
			targetProxy = 620803F02B56CC1600E8DFFE /* PBXContainerItemProxy */;
		};
/* End PBXTargetDependency section */

/* Begin XCBuildConfiguration section */
		620803F72B56CC1600E8DFFE /* Debug */ = {
			isa = XCBuildConfiguration;
			buildSettings = {
				ALWAYS_SEARCH_USER_PATHS = NO;
				ASSETCATALOG_COMPILER_GENERATE_SWIFT_ASSET_SYMBOL_EXTENSIONS = YES;
				CLANG_ANALYZER_NONNULL = YES;
				CLANG_ANALYZER_NUMBER_OBJECT_CONVERSION = YES_AGGRESSIVE;
				CLANG_CXX_LANGUAGE_STANDARD = "gnu++20";
				CLANG_ENABLE_MODULES = YES;
				CLANG_ENABLE_OBJC_ARC = YES;
				CLANG_ENABLE_OBJC_WEAK = YES;
				CLANG_WARN_BLOCK_CAPTURE_AUTORELEASING = YES;
				CLANG_WARN_BOOL_CONVERSION = YES;
				CLANG_WARN_COMMA = YES;
				CLANG_WARN_CONSTANT_CONVERSION = YES;
				CLANG_WARN_DEPRECATED_OBJC_IMPLEMENTATIONS = YES;
				CLANG_WARN_DIRECT_OBJC_ISA_USAGE = YES_ERROR;
				CLANG_WARN_DOCUMENTATION_COMMENTS = YES;
				CLANG_WARN_EMPTY_BODY = YES;
				CLANG_WARN_ENUM_CONVERSION = YES;
				CLANG_WARN_INFINITE_RECURSION = YES;
				CLANG_WARN_INT_CONVERSION = YES;
				CLANG_WARN_NON_LITERAL_NULL_CONVERSION = YES;
				CLANG_WARN_OBJC_IMPLICIT_RETAIN_SELF = YES;
				CLANG_WARN_OBJC_LITERAL_CONVERSION = YES;
				CLANG_WARN_OBJC_ROOT_CLASS = YES_ERROR;
				CLANG_WARN_QUOTED_INCLUDE_IN_FRAMEWORK_HEADER = YES;
				CLANG_WARN_RANGE_LOOP_ANALYSIS = YES;
				CLANG_WARN_STRICT_PROTOTYPES = YES;
				CLANG_WARN_SUSPICIOUS_MOVE = YES;
				CLANG_WARN_UNGUARDED_AVAILABILITY = YES_AGGRESSIVE;
				CLANG_WARN_UNREACHABLE_CODE = YES;
				CLANG_WARN__DUPLICATE_METHOD_MATCH = YES;
				COPY_PHASE_STRIP = NO;
				DEBUG_INFORMATION_FORMAT = dwarf;
				ENABLE_STRICT_OBJC_MSGSEND = YES;
				ENABLE_TESTABILITY = YES;
				ENABLE_USER_SCRIPT_SANDBOXING = YES;
				GCC_C_LANGUAGE_STANDARD = gnu17;
				GCC_DYNAMIC_NO_PIC = NO;
				GCC_NO_COMMON_BLOCKS = YES;
				GCC_OPTIMIZATION_LEVEL = 0;
				GCC_PREPROCESSOR_DEFINITIONS = (
					"DEBUG=1",
					"$(inherited)",
				);
				GCC_WARN_64_TO_32_BIT_CONVERSION = YES;
				GCC_WARN_ABOUT_RETURN_TYPE = YES_ERROR;
				GCC_WARN_UNDECLARED_SELECTOR = YES;
				GCC_WARN_UNINITIALIZED_AUTOS = YES_AGGRESSIVE;
				GCC_WARN_UNUSED_FUNCTION = YES;
				GCC_WARN_UNUSED_VARIABLE = YES;
				LOCALIZATION_PREFERS_STRING_CATALOGS = YES;
				MTL_ENABLE_DEBUG_INFO = INCLUDE_SOURCE;
				MTL_FAST_MATH = YES;
				ONLY_ACTIVE_ARCH = YES;
				SWIFT_ACTIVE_COMPILATION_CONDITIONS = "DEBUG $(inherited)";
				SWIFT_OPTIMIZATION_LEVEL = "-Onone";
			};
			name = Debug;
		};
		620803F82B56CC1600E8DFFE /* Release */ = {
			isa = XCBuildConfiguration;
			buildSettings = {
				ALWAYS_SEARCH_USER_PATHS = NO;
				ASSETCATALOG_COMPILER_GENERATE_SWIFT_ASSET_SYMBOL_EXTENSIONS = YES;
				CLANG_ANALYZER_NONNULL = YES;
				CLANG_ANALYZER_NUMBER_OBJECT_CONVERSION = YES_AGGRESSIVE;
				CLANG_CXX_LANGUAGE_STANDARD = "gnu++20";
				CLANG_ENABLE_MODULES = YES;
				CLANG_ENABLE_OBJC_ARC = YES;
				CLANG_ENABLE_OBJC_WEAK = YES;
				CLANG_WARN_BLOCK_CAPTURE_AUTORELEASING = YES;
				CLANG_WARN_BOOL_CONVERSION = YES;
				CLANG_WARN_COMMA = YES;
				CLANG_WARN_CONSTANT_CONVERSION = YES;
				CLANG_WARN_DEPRECATED_OBJC_IMPLEMENTATIONS = YES;
				CLANG_WARN_DIRECT_OBJC_ISA_USAGE = YES_ERROR;
				CLANG_WARN_DOCUMENTATION_COMMENTS = YES;
				CLANG_WARN_EMPTY_BODY = YES;
				CLANG_WARN_ENUM_CONVERSION = YES;
				CLANG_WARN_INFINITE_RECURSION = YES;
				CLANG_WARN_INT_CONVERSION = YES;
				CLANG_WARN_NON_LITERAL_NULL_CONVERSION = YES;
				CLANG_WARN_OBJC_IMPLICIT_RETAIN_SELF = YES;
				CLANG_WARN_OBJC_LITERAL_CONVERSION = YES;
				CLANG_WARN_OBJC_ROOT_CLASS = YES_ERROR;
				CLANG_WARN_QUOTED_INCLUDE_IN_FRAMEWORK_HEADER = YES;
				CLANG_WARN_RANGE_LOOP_ANALYSIS = YES;
				CLANG_WARN_STRICT_PROTOTYPES = YES;
				CLANG_WARN_SUSPICIOUS_MOVE = YES;
				CLANG_WARN_UNGUARDED_AVAILABILITY = YES_AGGRESSIVE;
				CLANG_WARN_UNREACHABLE_CODE = YES;
				CLANG_WARN__DUPLICATE_METHOD_MATCH = YES;
				COPY_PHASE_STRIP = NO;
				DEBUG_INFORMATION_FORMAT = "dwarf-with-dsym";
				ENABLE_NS_ASSERTIONS = NO;
				ENABLE_STRICT_OBJC_MSGSEND = YES;
				ENABLE_USER_SCRIPT_SANDBOXING = YES;
				GCC_C_LANGUAGE_STANDARD = gnu17;
				GCC_NO_COMMON_BLOCKS = YES;
				GCC_WARN_64_TO_32_BIT_CONVERSION = YES;
				GCC_WARN_ABOUT_RETURN_TYPE = YES_ERROR;
				GCC_WARN_UNDECLARED_SELECTOR = YES;
				GCC_WARN_UNINITIALIZED_AUTOS = YES_AGGRESSIVE;
				GCC_WARN_UNUSED_FUNCTION = YES;
				GCC_WARN_UNUSED_VARIABLE = YES;
				LOCALIZATION_PREFERS_STRING_CATALOGS = YES;
				MTL_ENABLE_DEBUG_INFO = NO;
				MTL_FAST_MATH = YES;
				SWIFT_COMPILATION_MODE = wholemodule;
			};
			name = Release;
		};
		620803FA2B56CC1600E8DFFE /* Debug */ = {
			isa = XCBuildConfiguration;
			buildSettings = {
				ASSETCATALOG_COMPILER_APPICON_NAME = AppIcon;
				ASSETCATALOG_COMPILER_GLOBAL_ACCENT_COLOR_NAME = AccentColor;
				CODE_SIGN_ENTITLEMENTS = "Todo List/Todo_List.entitlements";
				CODE_SIGN_STYLE = Automatic;
				CURRENT_PROJECT_VERSION = 1;
				DEVELOPMENT_ASSET_PATHS = "\"Todo List/Preview Content\"";
				DEVELOPMENT_TEAM = F3KG2F4HG3;
				ENABLE_HARDENED_RUNTIME = YES;
				ENABLE_PREVIEWS = YES;
				GENERATE_INFOPLIST_FILE = YES;
				"INFOPLIST_KEY_UIApplicationSceneManifest_Generation[sdk=iphoneos*]" = YES;
				"INFOPLIST_KEY_UIApplicationSceneManifest_Generation[sdk=iphonesimulator*]" = YES;
				"INFOPLIST_KEY_UIApplicationSupportsIndirectInputEvents[sdk=iphoneos*]" = YES;
				"INFOPLIST_KEY_UIApplicationSupportsIndirectInputEvents[sdk=iphonesimulator*]" = YES;
				"INFOPLIST_KEY_UILaunchScreen_Generation[sdk=iphoneos*]" = YES;
				"INFOPLIST_KEY_UILaunchScreen_Generation[sdk=iphonesimulator*]" = YES;
				"INFOPLIST_KEY_UIStatusBarStyle[sdk=iphoneos*]" = UIStatusBarStyleDefault;
				"INFOPLIST_KEY_UIStatusBarStyle[sdk=iphonesimulator*]" = UIStatusBarStyleDefault;
				INFOPLIST_KEY_UISupportedInterfaceOrientations_iPad = "UIInterfaceOrientationPortrait UIInterfaceOrientationPortraitUpsideDown UIInterfaceOrientationLandscapeLeft UIInterfaceOrientationLandscapeRight";
				INFOPLIST_KEY_UISupportedInterfaceOrientations_iPhone = "UIInterfaceOrientationPortrait UIInterfaceOrientationLandscapeLeft UIInterfaceOrientationLandscapeRight";
				IPHONEOS_DEPLOYMENT_TARGET = 17.2;
				LD_RUNPATH_SEARCH_PATHS = "@executable_path/Frameworks";
				"LD_RUNPATH_SEARCH_PATHS[sdk=macosx*]" = "@executable_path/../Frameworks";
				MACOSX_DEPLOYMENT_TARGET = 14.2;
				MARKETING_VERSION = 1.0;
				PRODUCT_BUNDLE_IDENTIFIER = "io.rally.demo.app.Todo-List";
				PRODUCT_NAME = "$(TARGET_NAME)";
				SDKROOT = auto;
				SUPPORTED_PLATFORMS = "iphoneos iphonesimulator macosx";
				SWIFT_EMIT_LOC_STRINGS = YES;
				SWIFT_VERSION = 5.0;
				TARGETED_DEVICE_FAMILY = "1,2";
			};
			name = Debug;
		};
		620803FB2B56CC1600E8DFFE /* Release */ = {
			isa = XCBuildConfiguration;
			buildSettings = {
				ASSETCATALOG_COMPILER_APPICON_NAME = AppIcon;
				ASSETCATALOG_COMPILER_GLOBAL_ACCENT_COLOR_NAME = AccentColor;
				CODE_SIGN_ENTITLEMENTS = "Todo List/Todo_List.entitlements";
				CODE_SIGN_STYLE = Automatic;
				CURRENT_PROJECT_VERSION = 1;
				DEVELOPMENT_ASSET_PATHS = "\"Todo List/Preview Content\"";
				DEVELOPMENT_TEAM = F3KG2F4HG3;
				ENABLE_HARDENED_RUNTIME = YES;
				ENABLE_PREVIEWS = YES;
				GENERATE_INFOPLIST_FILE = YES;
				"INFOPLIST_KEY_UIApplicationSceneManifest_Generation[sdk=iphoneos*]" = YES;
				"INFOPLIST_KEY_UIApplicationSceneManifest_Generation[sdk=iphonesimulator*]" = YES;
				"INFOPLIST_KEY_UIApplicationSupportsIndirectInputEvents[sdk=iphoneos*]" = YES;
				"INFOPLIST_KEY_UIApplicationSupportsIndirectInputEvents[sdk=iphonesimulator*]" = YES;
				"INFOPLIST_KEY_UILaunchScreen_Generation[sdk=iphoneos*]" = YES;
				"INFOPLIST_KEY_UILaunchScreen_Generation[sdk=iphonesimulator*]" = YES;
				"INFOPLIST_KEY_UIStatusBarStyle[sdk=iphoneos*]" = UIStatusBarStyleDefault;
				"INFOPLIST_KEY_UIStatusBarStyle[sdk=iphonesimulator*]" = UIStatusBarStyleDefault;
				INFOPLIST_KEY_UISupportedInterfaceOrientations_iPad = "UIInterfaceOrientationPortrait UIInterfaceOrientationPortraitUpsideDown UIInterfaceOrientationLandscapeLeft UIInterfaceOrientationLandscapeRight";
				INFOPLIST_KEY_UISupportedInterfaceOrientations_iPhone = "UIInterfaceOrientationPortrait UIInterfaceOrientationLandscapeLeft UIInterfaceOrientationLandscapeRight";
				IPHONEOS_DEPLOYMENT_TARGET = 17.2;
				LD_RUNPATH_SEARCH_PATHS = "@executable_path/Frameworks";
				"LD_RUNPATH_SEARCH_PATHS[sdk=macosx*]" = "@executable_path/../Frameworks";
				MACOSX_DEPLOYMENT_TARGET = 14.2;
				MARKETING_VERSION = 1.0;
				PRODUCT_BUNDLE_IDENTIFIER = "io.rally.demo.app.Todo-List";
				PRODUCT_NAME = "$(TARGET_NAME)";
				SDKROOT = auto;
				SUPPORTED_PLATFORMS = "iphoneos iphonesimulator macosx";
				SWIFT_EMIT_LOC_STRINGS = YES;
				SWIFT_VERSION = 5.0;
				TARGETED_DEVICE_FAMILY = "1,2";
			};
			name = Release;
		};
		620803FD2B56CC1600E8DFFE /* Debug */ = {
			isa = XCBuildConfiguration;
			buildSettings = {
				ALWAYS_EMBED_SWIFT_STANDARD_LIBRARIES = YES;
				BUNDLE_LOADER = "$(TEST_HOST)";
				CODE_SIGN_STYLE = Automatic;
				CURRENT_PROJECT_VERSION = 1;
				DEVELOPMENT_TEAM = F3KG2F4HG3;
				GENERATE_INFOPLIST_FILE = YES;
				IPHONEOS_DEPLOYMENT_TARGET = 17.2;
				MACOSX_DEPLOYMENT_TARGET = 14.2;
				MARKETING_VERSION = 1.0;
				PRODUCT_BUNDLE_IDENTIFIER = "io.rally.demo.app.Todo-ListTests";
				PRODUCT_NAME = "$(TARGET_NAME)";
				SDKROOT = auto;
				SUPPORTED_PLATFORMS = "iphoneos iphonesimulator macosx";
				SWIFT_EMIT_LOC_STRINGS = NO;
				SWIFT_VERSION = 5.0;
				TARGETED_DEVICE_FAMILY = "1,2";
				TEST_HOST = "$(BUILT_PRODUCTS_DIR)/Todo List.app/$(BUNDLE_EXECUTABLE_FOLDER_PATH)/Todo List";
			};
			name = Debug;
		};
		620803FE2B56CC1600E8DFFE /* Release */ = {
			isa = XCBuildConfiguration;
			buildSettings = {
				ALWAYS_EMBED_SWIFT_STANDARD_LIBRARIES = YES;
				BUNDLE_LOADER = "$(TEST_HOST)";
				CODE_SIGN_STYLE = Automatic;
				CURRENT_PROJECT_VERSION = 1;
				DEVELOPMENT_TEAM = F3KG2F4HG3;
				GENERATE_INFOPLIST_FILE = YES;
				IPHONEOS_DEPLOYMENT_TARGET = 17.2;
				MACOSX_DEPLOYMENT_TARGET = 14.2;
				MARKETING_VERSION = 1.0;
				PRODUCT_BUNDLE_IDENTIFIER = "io.rally.demo.app.Todo-ListTests";
				PRODUCT_NAME = "$(TARGET_NAME)";
				SDKROOT = auto;
				SUPPORTED_PLATFORMS = "iphoneos iphonesimulator macosx";
				SWIFT_EMIT_LOC_STRINGS = NO;
				SWIFT_VERSION = 5.0;
				TARGETED_DEVICE_FAMILY = "1,2";
				TEST_HOST = "$(BUILT_PRODUCTS_DIR)/Todo List.app/$(BUNDLE_EXECUTABLE_FOLDER_PATH)/Todo List";
			};
			name = Release;
		};
		620804002B56CC1600E8DFFE /* Debug */ = {
			isa = XCBuildConfiguration;
			buildSettings = {
				ALWAYS_EMBED_SWIFT_STANDARD_LIBRARIES = YES;
				CODE_SIGN_STYLE = Automatic;
				CURRENT_PROJECT_VERSION = 1;
				DEVELOPMENT_TEAM = F3KG2F4HG3;
				GENERATE_INFOPLIST_FILE = YES;
				IPHONEOS_DEPLOYMENT_TARGET = 17.2;
				MACOSX_DEPLOYMENT_TARGET = 14.2;
				MARKETING_VERSION = 1.0;
				PRODUCT_BUNDLE_IDENTIFIER = "io.rally.demo.app.Todo-ListUITests";
				PRODUCT_NAME = "$(TARGET_NAME)";
				SDKROOT = auto;
				SUPPORTED_PLATFORMS = "iphoneos iphonesimulator macosx";
				SWIFT_EMIT_LOC_STRINGS = NO;
				SWIFT_VERSION = 5.0;
				TARGETED_DEVICE_FAMILY = "1,2";
				TEST_TARGET_NAME = "Todo List";
			};
			name = Debug;
		};
		620804012B56CC1600E8DFFE /* Release */ = {
			isa = XCBuildConfiguration;
			buildSettings = {
				ALWAYS_EMBED_SWIFT_STANDARD_LIBRARIES = YES;
				CODE_SIGN_STYLE = Automatic;
				CURRENT_PROJECT_VERSION = 1;
				DEVELOPMENT_TEAM = F3KG2F4HG3;
				GENERATE_INFOPLIST_FILE = YES;
				IPHONEOS_DEPLOYMENT_TARGET = 17.2;
				MACOSX_DEPLOYMENT_TARGET = 14.2;
				MARKETING_VERSION = 1.0;
				PRODUCT_BUNDLE_IDENTIFIER = "io.rally.demo.app.Todo-ListUITests";
				PRODUCT_NAME = "$(TARGET_NAME)";
				SDKROOT = auto;
				SUPPORTED_PLATFORMS = "iphoneos iphonesimulator macosx";
				SWIFT_EMIT_LOC_STRINGS = NO;
				SWIFT_VERSION = 5.0;
				TARGETED_DEVICE_FAMILY = "1,2";
				TEST_TARGET_NAME = "Todo List";
			};
			name = Release;
		};
/* End XCBuildConfiguration section */

/* Begin XCConfigurationList section */
		620803CF2B56CC1500E8DFFE /* Build configuration list for PBXProject "Todo List" */ = {
			isa = XCConfigurationList;
			buildConfigurations = (
				620803F72B56CC1600E8DFFE /* Debug */,
				620803F82B56CC1600E8DFFE /* Release */,
			);
			defaultConfigurationIsVisible = 0;
			defaultConfigurationName = Release;
		};
		620803F92B56CC1600E8DFFE /* Build configuration list for PBXNativeTarget "Todo List" */ = {
			isa = XCConfigurationList;
			buildConfigurations = (
				620803FA2B56CC1600E8DFFE /* Debug */,
				620803FB2B56CC1600E8DFFE /* Release */,
			);
			defaultConfigurationIsVisible = 0;
			defaultConfigurationName = Release;
		};
		620803FC2B56CC1600E8DFFE /* Build configuration list for PBXNativeTarget "Todo ListTests" */ = {
			isa = XCConfigurationList;
			buildConfigurations = (
				620803FD2B56CC1600E8DFFE /* Debug */,
				620803FE2B56CC1600E8DFFE /* Release */,
			);
			defaultConfigurationIsVisible = 0;
			defaultConfigurationName = Release;
		};
		620803FF2B56CC1600E8DFFE /* Build configuration list for PBXNativeTarget "Todo ListUITests" */ = {
			isa = XCConfigurationList;
			buildConfigurations = (
				620804002B56CC1600E8DFFE /* Debug */,
				620804012B56CC1600E8DFFE /* Release */,
			);
			defaultConfigurationIsVisible = 0;
			defaultConfigurationName = Release;
		};
/* End XCConfigurationList section */
	};
	rootObject = 620803CC2B56CC1500E8DFFE /* Project object */;
}
